
Microsoft Visual Studio Solution File, Format Version 12.00
# Visual Studio Version 17
VisualStudioVersion = 17.4.33213.308
MinimumVisualStudioVersion = 10.0.40219.1
Project("{9A19103F-16F7-4668-BE54-9A1E7A4F7556}") = "trackingIssues", "trackingIssues\trackingIssues.csproj", "{E81FB3AD-AE87-4A11-9DB1-485625ABA30E}"
EndProject
Project("{FAE04EC0-301F-11D3-BF4B-00C04F79EFBC}") = "trackingapi", "trackingapi\trackingapi.csproj", "{0B176309-039C-43EF-97D5-6D53DDC67D47}"
EndProject
Global
	GlobalSection(SolutionConfigurationPlatforms) = preSolution
		Debug|Any CPU = Debug|Any CPU
		Release|Any CPU = Release|Any CPU
	EndGlobalSection
	GlobalSection(ProjectConfigurationPlatforms) = postSolution
		{E81FB3AD-AE87-4A11-9DB1-485625ABA30E}.Debug|Any CPU.ActiveCfg = Debug|Any CPU
		{E81FB3AD-AE87-4A11-9DB1-485625ABA30E}.Debug|Any CPU.Build.0 = Debug|Any CPU
		{E81FB3AD-AE87-4A11-9DB1-485625ABA30E}.Release|Any CPU.ActiveCfg = Release|Any CPU
		{E81FB3AD-AE87-4A11-9DB1-485625ABA30E}.Release|Any CPU.Build.0 = Release|Any CPU
		{0B176309-039C-43EF-97D5-6D53DDC67D47}.Debug|Any CPU.ActiveCfg = Debug|Any CPU
		{0B176309-039C-43EF-97D5-6D53DDC67D47}.Debug|Any CPU.Build.0 = Debug|Any CPU
		{0B176309-039C-43EF-97D5-6D53DDC67D47}.Release|Any CPU.ActiveCfg = Release|Any CPU
		{0B176309-039C-43EF-97D5-6D53DDC67D47}.Release|Any CPU.Build.0 = Release|Any CPU
	EndGlobalSection
	GlobalSection(SolutionProperties) = preSolution
		HideSolutionNode = FALSE
	EndGlobalSection
	GlobalSection(ExtensibilityGlobals) = postSolution
		SolutionGuid = {4DF8D539-B2CD-419E-9A39-8DD841420787}
	EndGlobalSection
EndGlobal
